{
  "name": "cross-world",
  "version": "0.0.1",
  "lockfileVersion": 1,
  "requires": true,
  "dependencies": {
    "@tweenjs/tween.js": {
      "version": "18.6.4",
      "resolved": "https://registry.npm.taobao.org/@tweenjs/tween.js/download/@tweenjs/tween.js-18.6.4.tgz",
      "integrity": "sha1-QKPQqTZHEkhy3sjg/RvVkmaVtso="
    },
    "dat.gui": {
      "version": "0.7.7",
      "resolved": "https://registry.npm.taobao.org/dat.gui/download/dat.gui-0.7.7.tgz",
      "integrity": "sha1-f5bb0hYhp2OFIDZZrr+iZO5q6Js="
    },
    "jquery": {
      "version": "3.5.1",
      "resolved": "https://registry.npm.taobao.org/jquery/download/jquery-3.5.1.tgz",
      "integrity": "sha1-17TQjhv9uGrS8aPQOeoXMEcXq7U="
    },
    "stats.js": {
      "version": "0.17.0",
      "resolved": "https://registry.npm.taobao.org/stats.js/download/stats.js-0.17.0.tgz",
      "integrity": "sha1-scPcRtlEmLV4t/05hbgaznExzH0="
    }
  }
}
